// !$*UTF8*$!
{
	archiveVersion = 1;
	classes = {
	};
	objectVersion = 77;
	objects = {

/* Begin PBXBuildFile section */
		C45ADCB32FDF35D100EBE75F /* Networking in Frameworks */ = {isa = PBXBuildFile; productRef = C45ADCB22FDF35D100EBE75F /* Networking */; };
		C45ADCC32FDF371300EBE75F /* Networking in Frameworks */ = {isa = PBXBuildFile; productRef = C45ADCC22FDF371300EBE75F /* Networking */; };
		C45ADCE72FE09EEA00EBE75F /* NetworkingTestSupport in Frameworks */ = {isa = PBXBuildFile; productRef = C45ADCE62FE09EEA00EBE75F /* NetworkingTestSupport */; };
/* End PBXBuildFile section */

/* Begin PBXContainerItemProxy section */
		C45ADCBC2FDF36B500EBE75F /* PBXContainerItemProxy */ = {
			isa = PBXContainerItemProxy;
			containerPortal = C45ADC8F2FDF30D100EBE75F /* Project object */;
			proxyType = 1;
			remoteGlobalIDString = C45ADC962FDF30D100EBE75F;
			remoteInfo = "StackOverflow Top Users";
		};
/* End PBXContainerItemProxy section */

/* Begin PBXFileReference section */
		C45ADC972FDF30D100EBE75F /* StackOverflow Top Users.app */ = {isa = PBXFileReference; explicitFileType = wrapper.application; includeInIndex = 0; path = "StackOverflow Top Users.app"; sourceTree = BUILT_PRODUCTS_DIR; };
		C45ADCB82FDF36B500EBE75F /* StackOverflow Top UsersTests.xctest */ = {isa = PBXFileReference; explicitFileType = wrapper.cfbundle; includeInIndex = 0; path = "StackOverflow Top UsersTests.xctest"; sourceTree = BUILT_PRODUCTS_DIR; };
		C45ADD002FE1948C00EBE75F /* README.md */ = {isa = PBXFileReference; lastKnownFileType = net.daringfireball.markdown; name = README.md; path = ../README.md; sourceTree = SOURCE_ROOT; };
/* End PBXFileReference section */

/* Begin PBXFileSystemSynchronizedBuildFileExceptionSet section */
		C45ADCA92FDF30D200EBE75F /* Exceptions for "StackOverflow Top Users" folder in "StackOverflow Top Users" target */ = {
			isa = PBXFileSystemSynchronizedBuildFileExceptionSet;
			membershipExceptions = (
				Info.plist,
			);
			target = C45ADC962FDF30D100EBE75F /* StackOverflow Top Users */;
		};
/* End PBXFileSystemSynchronizedBuildFileExceptionSet section */

/* Begin PBXFileSystemSynchronizedRootGroup section */
		C45ADC992FDF30D100EBE75F /* StackOverflow Top Users */ = {
			isa = PBXFileSystemSynchronizedRootGroup;
			exceptions = (
				C45ADCA92FDF30D200EBE75F /* Exceptions for "StackOverflow Top Users" folder in "StackOverflow Top Users" target */,
			);
			path = "StackOverflow Top Users";
			sourceTree = "<group>";
		};
		C45ADCB92FDF36B500EBE75F /* StackOverflow Top UsersTests */ = {
			isa = PBXFileSystemSynchronizedRootGroup;
			path = "StackOverflow Top UsersTests";
			sourceTree = "<group>";
		};
/* End PBXFileSystemSynchronizedRootGroup section */

/* Begin PBXFrameworksBuildPhase section */
		C45ADC942FDF30D100EBE75F /* Frameworks */ = {
			isa = PBXFrameworksBuildPhase;
			buildActionMask = 2147483647;
			files = (
				C45ADCB32FDF35D100EBE75F /* Networking in Frameworks */,
			);
			runOnlyForDeploymentPostprocessing = 0;
		};
		C45ADCB52FDF36B500EBE75F /* Frameworks */ = {
			isa = PBXFrameworksBuildPhase;
			buildActionMask = 2147483647;
			files = (
				C45ADCE72FE09EEA00EBE75F /* NetworkingTestSupport in Frameworks */,
				C45ADCC32FDF371300EBE75F /* Networking in Frameworks */,
			);
			runOnlyForDeploymentPostprocessing = 0;
		};
/* End PBXFrameworksBuildPhase section */

/* Begin PBXGroup section */
		C45ADC8E2FDF30D100EBE75F = {
			isa = PBXGroup;
			children = (
				C45ADD002FE1948C00EBE75F /* README.md */,
				C45ADC992FDF30D100EBE75F /* StackOverflow Top Users */,
				C45ADCB92FDF36B500EBE75F /* StackOverflow Top UsersTests */,
				C45ADCC12FDF371300EBE75F /* Frameworks */,
				C45ADC982FDF30D100EBE75F /* Products */,
			);
			sourceTree = "<group>";
		};
		C45ADC982FDF30D100EBE75F /* Products */ = {
			isa = PBXGroup;
			children = (
				C45ADC972FDF30D100EBE75F /* StackOverflow Top Users.app */,
				C45ADCB82FDF36B500EBE75F /* StackOverflow Top UsersTests.xctest */,
			);
			name = Products;
			sourceTree = "<group>";
		};
		C45ADCC12FDF371300EBE75F /* Frameworks */ = {
			isa = PBXGroup;
			children = (
			);
			name = Frameworks;
			sourceTree = "<group>";
		};
/* End PBXGroup section */

/* Begin PBXNativeTarget section */
		C45ADC962FDF30D100EBE75F /* StackOverflow Top Users */ = {
			isa = PBXNativeTarget;
			buildConfigurationList = C45ADCAA2FDF30D200EBE75F /* Build configuration list for PBXNativeTarget "StackOverflow Top Users" */;
			buildPhases = (
				C45ADC932FDF30D100EBE75F /* Sources */,
				C45ADC942FDF30D100EBE75F /* Frameworks */,
				C45ADC952FDF30D100EBE75F /* Resources */,
			);
			buildRules = (
			);
			dependencies = (
			);
			fileSystemSynchronizedGroups = (
				C45ADC992FDF30D100EBE75F /* StackOverflow Top Users */,
			);
			name = "StackOverflow Top Users";
			packageProductDependencies = (
				C45ADCB22FDF35D100EBE75F /* Networking */,
			);
			productName = "StackOverflow Top Users";
			productReference = C45ADC972FDF30D100EBE75F /* StackOverflow Top Users.app */;
			productType = "com.apple.product-type.application";
		};
		C45ADCB72FDF36B500EBE75F /* StackOverflow Top UsersTests */ = {
			isa = PBXNativeTarget;
			buildConfigurationList = C45ADCBE2FDF36B500EBE75F /* Build configuration list for PBXNativeTarget "StackOverflow Top UsersTests" */;
			buildPhases = (
				C45ADCB42FDF36B500EBE75F /* Sources */,
				C45ADCB52FDF36B500EBE75F /* Frameworks */,
				C45ADCB62FDF36B500EBE75F /* Resources */,
			);
			buildRules = (
			);
			dependencies = (
				C45ADCBD2FDF36B500EBE75F /* PBXTargetDependency */,
			);
			fileSystemSynchronizedGroups = (
				C45ADCB92FDF36B500EBE75F /* StackOverflow Top UsersTests */,
			);
			name = "StackOverflow Top UsersTests";
			packageProductDependencies = (
				C45ADCC22FDF371300EBE75F /* Networking */,
				C45ADCE62FE09EEA00EBE75F /* NetworkingTestSupport */,
			);
			productName = "StackOverflow Top UsersTests";
			productReference = C45ADCB82FDF36B500EBE75F /* StackOverflow Top UsersTests.xctest */;
			productType = "com.apple.product-type.bundle.unit-test";
		};
/* End PBXNativeTarget section */

/* Begin PBXProject section */
		C45ADC8F2FDF30D100EBE75F /* Project object */ = {
			isa = PBXProject;
			attributes = {
				BuildIndependentTargetsInParallel = 1;
				LastSwiftUpdateCheck = 2650;
				LastUpgradeCheck = 2650;
				TargetAttributes = {
					C45ADC962FDF30D100EBE75F = {
						CreatedOnToolsVersion = 26.5;
					};
					C45ADCB72FDF36B500EBE75F = {
						CreatedOnToolsVersion = 26.5;
						TestTargetID = C45ADC962FDF30D100EBE75F;
					};
				};
			};
			buildConfigurationList = C45ADC922FDF30D100EBE75F /* Build configuration list for PBXProject "StackOverflow Top Users" */;
			developmentRegion = en;
			hasScannedForEncodings = 0;
			knownRegions = (
				en,
				Base,
			);
			mainGroup = C45ADC8E2FDF30D100EBE75F;
			minimizedProjectReferenceProxies = 1;
			packageReferences = (
				C45ADCB12FDF35D100EBE75F /* XCLocalSwiftPackageReference "Packages/Networking" */,
			);
			preferredProjectObjectVersion = 77;
			productRefGroup = C45ADC982FDF30D100EBE75F /* Products */;
			projectDirPath = "";
			projectRoot = "";
			targets = (
				C45ADC962FDF30D100EBE75F /* StackOverflow Top Users */,
				C45ADCB72FDF36B500EBE75F /* StackOverflow Top UsersTests */,
			);
		};
/* End PBXProject section */

/* Begin PBXResourcesBuildPhase section */
		C45ADC952FDF30D100EBE75F /* Resources */ = {
			isa = PBXResourcesBuildPhase;
			buildActionMask = 2147483647;
			files = (
			);
			runOnlyForDeploymentPostprocessing = 0;
		};
		C45ADCB62FDF36B500EBE75F /* Resources */ = {
			isa = PBXResourcesBuildPhase;
			buildActionMask = 2147483647;
			files = (
			);
			runOnlyForDeploymentPostprocessing = 0;
		};
/* End PBXResourcesBuildPhase section */

/* Begin PBXSourcesBuildPhase section */
		C45ADC932FDF30D100EBE75F /* Sources */ = {
			isa = PBXSourcesBuildPhase;
			buildActionMask = 2147483647;
			files = (
			);
			runOnlyForDeploymentPostprocessing = 0;
		};
		C45ADCB42FDF36B500EBE75F /* Sources */ = {
			isa = PBXSourcesBuildPhase;
			buildActionMask = 2147483647;
			files = (
			);
			runOnlyForDeploymentPostprocessing = 0;
		};
/* End PBXSourcesBuildPhase section */

/* Begin PBXTargetDependency section */
		C45ADCBD2FDF36B500EBE75F /* PBXTargetDependency */ = {
			isa = PBXTargetDependency;
			target = C45ADC962FDF30D100EBE75F /* StackOverflow Top Users */;
			targetProxy = C45ADCBC2FDF36B500EBE75F /* PBXContainerItemProxy */;
		};
/* End PBXTargetDependency section */

/* Begin XCBuildConfiguration section */
		C45ADCAB2FDF30D200EBE75F /* Debug */ = {
			isa = XCBuildConfiguration;
			buildSettings = {
				ASSETCATALOG_COMPILER_APPICON_NAME = AppIcon;
				ASSETCATALOG_COMPILER_GLOBAL_ACCENT_COLOR_NAME = AccentColor;
				CODE_SIGN_STYLE = Automatic;
				CURRENT_PROJECT_VERSION = 1;
				DEVELOPMENT_TEAM = KTS29DB5CZ;
				GENERATE_INFOPLIST_FILE = YES;
				INFOPLIST_FILE = "StackOverflow Top Users/Info.plist";
				INFOPLIST_KEY_LSApplicationCategoryType = "public.app-category.education";
				INFOPLIST_KEY_UIApplicationSupportsIndirectInputEvents = YES;
				INFOPLIST_KEY_UILaunchStoryboardName = LaunchScreen;
				INFOPLIST_KEY_UISupportedInterfaceOrientations = UIInterfaceOrientationPortrait;
				INFOPLIST_KEY_UISupportedInterfaceOrientations_iPad = "UIInterfaceOrientationLandscapeLeft UIInterfaceOrientationLandscapeRight UIInterfaceOrientationPortrait UIInterfaceOrientationPortraitUpsideDown";
				LD_RUNPATH_SEARCH_PATHS = (
					"$(inherited)",
					"@executable_path/Frameworks",
				);
				MARKETING_VERSION = 1.0;
				PRODUCT_BUNDLE_IDENTIFIER = "com.filip-blue.StackOverflow-Top-Users";
				PRODUCT_NAME = "$(TARGET_NAME)";
				STRING_CATALOG_GENERATE_SYMBOLS = YES;
				SUPPORTED_PLATFORMS = "iphoneos iphonesimulator";
				SUPPORTS_MACCATALYST = NO;
				SUPPORTS_XR_DESIGNED_FOR_IPHONE_IPAD = NO;
				SWIFT_APPROACHABLE_CONCURRENCY = YES;
				SWIFT_DEFAULT_ACTOR_ISOLATION = MainActor;
				SWIFT_EMIT_LOC_STRINGS = YES;
				SWIFT_UPCOMING_FEATURE_MEMBER_IMPORT_VISIBILITY = YES;
				SWIFT_VERSION = 5.0;
				TARGETED_DEVICE_FAMILY = 1;
			};
			name = Debug;
		};
		C45ADCAC2FDF30D200EBE75F /* Release */ = {
			isa = XCBuildConfiguration;
			buildSettings = {
				ASSETCATALOG_COMPILER_APPICON_NAME = AppIcon;
				ASSETCATALOG_COMPILER_GLOBAL_ACCENT_COLOR_NAME = AccentColor;
				CODE_SIGN_STYLE = Automatic;
				CURRENT_PROJECT_VERSION = 1;
				DEVELOPMENT_TEAM = KTS29DB5CZ;
				GENERATE_INFOPLIST_FILE = YES;
				INFOPLIST_FILE = "StackOverflow Top Users/Info.plist";
				INFOPLIST_KEY_LSApplicationCategoryType = "public.app-category.education";
				INFOPLIST_KEY_UIApplicationSupportsIndirectInputEvents = YES;
				INFOPLIST_KEY_UILaunchStoryboardName = LaunchScreen;
				INFOPLIST_KEY_UISupportedInterfaceOrientations = UIInterfaceOrientationPortrait;
				INFOPLIST_KEY_UISupportedInterfaceOrientations_iPad = "UIInterfaceOrientationLandscapeLeft UIInterfaceOrientationLandscapeRight UIInterfaceOrientationPortrait UIInterfaceOrientationPortraitUpsideDown";
				LD_RUNPATH_SEARCH_PATHS = (
					"$(inherited)",
					"@executable_path/Frameworks",
				);
				MARKETING_VERSION = 1.0;
				PRODUCT_BUNDLE_IDENTIFIER = "com.filip-blue.StackOverflow-Top-Users";
				PRODUCT_NAME = "$(TARGET_NAME)";
				STRING_CATALOG_GENERATE_SYMBOLS = YES;
				SUPPORTED_PLATFORMS = "iphoneos iphonesimulator";
				SUPPORTS_MACCATALYST = NO;
				SUPPORTS_XR_DESIGNED_FOR_IPHONE_IPAD = NO;
				SWIFT_APPROACHABLE_CONCURRENCY = YES;
				SWIFT_DEFAULT_ACTOR_ISOLATION = MainActor;
				SWIFT_EMIT_LOC_STRINGS = YES;
				SWIFT_UPCOMING_FEATURE_MEMBER_IMPORT_VISIBILITY = YES;
				SWIFT_VERSION = 5.0;
				TARGETED_DEVICE_FAMILY = 1;
			};
			name = Release;
		};
		C45ADCAD2FDF30D200EBE75F /* Debug */ = {
			isa = XCBuildConfiguration;
			buildSettings = {
				ALWAYS_SEARCH_USER_PATHS = NO;
				ASSETCATALOG_COMPILER_GENERATE_SWIFT_ASSET_SYMBOL_EXTENSIONS = YES;
				CLANG_ANALYZER_NONNULL = YES;
				CLANG_ANALYZER_NUMBER_OBJECT_CONVERSION = YES_AGGRESSIVE;
				CLANG_CXX_LANGUAGE_STANDARD = "gnu++20";
				CLANG_ENABLE_MODULES = YES;
				CLANG_ENABLE_OBJC_ARC = YES;
				CLANG_ENABLE_OBJC_WEAK = YES;
				CLANG_WARN_BLOCK_CAPTURE_AUTORELEASING = YES;
				CLANG_WARN_BOOL_CONVERSION = YES;
				CLANG_WARN_COMMA = YES;
				CLANG_WARN_CONSTANT_CONVERSION = YES;
				CLANG_WARN_DEPRECATED_OBJC_IMPLEMENTATIONS = YES;
				CLANG_WARN_DIRECT_OBJC_ISA_USAGE = YES_ERROR;
				CLANG_WARN_DOCUMENTATION_COMMENTS = YES;
				CLANG_WARN_EMPTY_BODY = YES;
				CLANG_WARN_ENUM_CONVERSION = YES;
				CLANG_WARN_INFINITE_RECURSION = YES;
				CLANG_WARN_INT_CONVERSION = YES;
				CLANG_WARN_NON_LITERAL_NULL_CONVERSION = YES;
				CLANG_WARN_OBJC_IMPLICIT_RETAIN_SELF = YES;
				CLANG_WARN_OBJC_LITERAL_CONVERSION = YES;
				CLANG_WARN_OBJC_ROOT_CLASS = YES_ERROR;
				CLANG_WARN_QUOTED_INCLUDE_IN_FRAMEWORK_HEADER = YES;
				CLANG_WARN_RANGE_LOOP_ANALYSIS = YES;
				CLANG_WARN_STRICT_PROTOTYPES = YES;
				CLANG_WARN_SUSPICIOUS_MOVE = YES;
				CLANG_WARN_UNGUARDED_AVAILABILITY = YES_AGGRESSIVE;
				CLANG_WARN_UNREACHABLE_CODE = YES;
				CLANG_WARN__DUPLICATE_METHOD_MATCH = YES;
				COPY_PHASE_STRIP = NO;
				DEBUG_INFORMATION_FORMAT = dwarf;
				DEVELOPMENT_TEAM = KTS29DB5CZ;
				ENABLE_STRICT_OBJC_MSGSEND = YES;
				ENABLE_TESTABILITY = YES;
				ENABLE_USER_SCRIPT_SANDBOXING = YES;
				GCC_C_LANGUAGE_STANDARD = gnu17;
				GCC_DYNAMIC_NO_PIC = NO;
				GCC_NO_COMMON_BLOCKS = YES;
				GCC_OPTIMIZATION_LEVEL = 0;
				GCC_PREPROCESSOR_DEFINITIONS = (
					"DEBUG=1",
					"$(inherited)",
				);
				GCC_WARN_64_TO_32_BIT_CONVERSION = YES;
				GCC_WARN_ABOUT_RETURN_TYPE = YES_ERROR;
				GCC_WARN_UNDECLARED_SELECTOR = YES;
				GCC_WARN_UNINITIALIZED_AUTOS = YES_AGGRESSIVE;
				GCC_WARN_UNUSED_FUNCTION = YES;
				GCC_WARN_UNUSED_VARIABLE = YES;
				IPHONEOS_DEPLOYMENT_TARGET = 26.5;
				LOCALIZATION_PREFERS_STRING_CATALOGS = YES;
				MTL_ENABLE_DEBUG_INFO = INCLUDE_SOURCE;
				MTL_FAST_MATH = YES;
				ONLY_ACTIVE_ARCH = YES;
				SDKROOT = iphoneos;
				SWIFT_ACTIVE_COMPILATION_CONDITIONS = "DEBUG $(inherited)";
				SWIFT_OPTIMIZATION_LEVEL = "-Onone";
			};
			name = Debug;
		};
		C45ADCAE2FDF30D200EBE75F /* Release */ = {
			isa = XCBuildConfiguration;
			buildSettings = {
				ALWAYS_SEARCH_USER_PATHS = NO;
				ASSETCATALOG_COMPILER_GENERATE_SWIFT_ASSET_SYMBOL_EXTENSIONS = YES;
				CLANG_ANALYZER_NONNULL = YES;
				CLANG_ANALYZER_NUMBER_OBJECT_CONVERSION = YES_AGGRESSIVE;
				CLANG_CXX_LANGUAGE_STANDARD = "gnu++20";
				CLANG_ENABLE_MODULES = YES;
				CLANG_ENABLE_OBJC_ARC = YES;
				CLANG_ENABLE_OBJC_WEAK = YES;
				CLANG_WARN_BLOCK_CAPTURE_AUTORELEASING = YES;
				CLANG_WARN_BOOL_CONVERSION = YES;
				CLANG_WARN_COMMA = YES;
				CLANG_WARN_CONSTANT_CONVERSION = YES;
				CLANG_WARN_DEPRECATED_OBJC_IMPLEMENTATIONS = YES;
				CLANG_WARN_DIRECT_OBJC_ISA_USAGE = YES_ERROR;
				CLANG_WARN_DOCUMENTATION_COMMENTS = YES;
				CLANG_WARN_EMPTY_BODY = YES;
				CLANG_WARN_ENUM_CONVERSION = YES;
				CLANG_WARN_INFINITE_RECURSION = YES;
				CLANG_WARN_INT_CONVERSION = YES;
				CLANG_WARN_NON_LITERAL_NULL_CONVERSION = YES;
				CLANG_WARN_OBJC_IMPLICIT_RETAIN_SELF = YES;
				CLANG_WARN_OBJC_LITERAL_CONVERSION = YES;
				CLANG_WARN_OBJC_ROOT_CLASS = YES_ERROR;
				CLANG_WARN_QUOTED_INCLUDE_IN_FRAMEWORK_HEADER = YES;
				CLANG_WARN_RANGE_LOOP_ANALYSIS = YES;
				CLANG_WARN_STRICT_PROTOTYPES = YES;
				CLANG_WARN_SUSPICIOUS_MOVE = YES;
				CLANG_WARN_UNGUARDED_AVAILABILITY = YES_AGGRESSIVE;
				CLANG_WARN_UNREACHABLE_CODE = YES;
				CLANG_WARN__DUPLICATE_METHOD_MATCH = YES;
				COPY_PHASE_STRIP = NO;
				DEBUG_INFORMATION_FORMAT = "dwarf-with-dsym";
				DEVELOPMENT_TEAM = KTS29DB5CZ;
				ENABLE_NS_ASSERTIONS = NO;
				ENABLE_STRICT_OBJC_MSGSEND = YES;
				ENABLE_USER_SCRIPT_SANDBOXING = YES;
				GCC_C_LANGUAGE_STANDARD = gnu17;
				GCC_NO_COMMON_BLOCKS = YES;
				GCC_WARN_64_TO_32_BIT_CONVERSION = YES;
				GCC_WARN_ABOUT_RETURN_TYPE = YES_ERROR;
				GCC_WARN_UNDECLARED_SELECTOR = YES;
				GCC_WARN_UNINITIALIZED_AUTOS = YES_AGGRESSIVE;
				GCC_WARN_UNUSED_FUNCTION = YES;
				GCC_WARN_UNUSED_VARIABLE = YES;
				IPHONEOS_DEPLOYMENT_TARGET = 26.5;
				LOCALIZATION_PREFERS_STRING_CATALOGS = YES;
				MTL_ENABLE_DEBUG_INFO = NO;
				MTL_FAST_MATH = YES;
				SDKROOT = iphoneos;
				SWIFT_COMPILATION_MODE = wholemodule;
				VALIDATE_PRODUCT = YES;
			};
			name = Release;
		};
		C45ADCBF2FDF36B500EBE75F /* Debug */ = {
			isa = XCBuildConfiguration;
			buildSettings = {
				BUNDLE_LOADER = "$(TEST_HOST)";
				CODE_SIGN_STYLE = Automatic;
				CURRENT_PROJECT_VERSION = 1;
				DEVELOPMENT_TEAM = KTS29DB5CZ;
				GENERATE_INFOPLIST_FILE = YES;
				MARKETING_VERSION = 1.0;
				PRODUCT_BUNDLE_IDENTIFIER = "com.filip-blue.StackOverflow-Top-UsersTests";
				PRODUCT_NAME = "$(TARGET_NAME)";
				STRING_CATALOG_GENERATE_SYMBOLS = NO;
				SWIFT_APPROACHABLE_CONCURRENCY = YES;
				SWIFT_EMIT_LOC_STRINGS = NO;
				SWIFT_UPCOMING_FEATURE_MEMBER_IMPORT_VISIBILITY = YES;
				SWIFT_VERSION = 5.0;
				TARGETED_DEVICE_FAMILY = "1,2";
				TEST_HOST = "$(BUILT_PRODUCTS_DIR)/StackOverflow Top Users.app/$(BUNDLE_EXECUTABLE_FOLDER_PATH)/StackOverflow Top Users";
			};
			name = Debug;
		};
		C45ADCC02FDF36B500EBE75F /* Release */ = {
			isa = XCBuildConfiguration;
			buildSettings = {
				BUNDLE_LOADER = "$(TEST_HOST)";
				CODE_SIGN_STYLE = Automatic;
				CURRENT_PROJECT_VERSION = 1;
				DEVELOPMENT_TEAM = KTS29DB5CZ;
				GENERATE_INFOPLIST_FILE = YES;
				MARKETING_VERSION = 1.0;
				PRODUCT_BUNDLE_IDENTIFIER = "com.filip-blue.StackOverflow-Top-UsersTests";
				PRODUCT_NAME = "$(TARGET_NAME)";
				STRING_CATALOG_GENERATE_SYMBOLS = NO;
				SWIFT_APPROACHABLE_CONCURRENCY = YES;
				SWIFT_EMIT_LOC_STRINGS = NO;
				SWIFT_UPCOMING_FEATURE_MEMBER_IMPORT_VISIBILITY = YES;
				SWIFT_VERSION = 5.0;
				TARGETED_DEVICE_FAMILY = "1,2";
				TEST_HOST = "$(BUILT_PRODUCTS_DIR)/StackOverflow Top Users.app/$(BUNDLE_EXECUTABLE_FOLDER_PATH)/StackOverflow Top Users";
			};
			name = Release;
		};
/* End XCBuildConfiguration section */

/* Begin XCConfigurationList section */
		C45ADC922FDF30D100EBE75F /* Build configuration list for PBXProject "StackOverflow Top Users" */ = {
			isa = XCConfigurationList;
			buildConfigurations = (
				C45ADCAD2FDF30D200EBE75F /* Debug */,
				C45ADCAE2FDF30D200EBE75F /* Release */,
			);
			defaultConfigurationIsVisible = 0;
			defaultConfigurationName = Release;
		};
		C45ADCAA2FDF30D200EBE75F /* Build configuration list for PBXNativeTarget "StackOverflow Top Users" */ = {
			isa = XCConfigurationList;
			buildConfigurations = (
				C45ADCAB2FDF30D200EBE75F /* Debug */,
				C45ADCAC2FDF30D200EBE75F /* Release */,
			);
			defaultConfigurationIsVisible = 0;
			defaultConfigurationName = Release;
		};
		C45ADCBE2FDF36B500EBE75F /* Build configuration list for PBXNativeTarget "StackOverflow Top UsersTests" */ = {
			isa = XCConfigurationList;
			buildConfigurations = (
				C45ADCBF2FDF36B500EBE75F /* Debug */,
				C45ADCC02FDF36B500EBE75F /* Release */,
			);
			defaultConfigurationIsVisible = 0;
			defaultConfigurationName = Release;
		};
/* End XCConfigurationList section */

/* Begin XCLocalSwiftPackageReference section */
		C45ADCB12FDF35D100EBE75F /* XCLocalSwiftPackageReference "Packages/Networking" */ = {
			isa = XCLocalSwiftPackageReference;
			relativePath = Packages/Networking;
		};
/* End XCLocalSwiftPackageReference section */

/* Begin XCSwiftPackageProductDependency section */
		C45ADCB22FDF35D100EBE75F /* Networking */ = {
			isa = XCSwiftPackageProductDependency;
			productName = Networking;
		};
		C45ADCC22FDF371300EBE75F /* Networking */ = {
			isa = XCSwiftPackageProductDependency;
			package = C45ADCB12FDF35D100EBE75F /* XCLocalSwiftPackageReference "Packages/Networking" */;
			productName = Networking;
		};
		C45ADCE62FE09EEA00EBE75F /* NetworkingTestSupport */ = {
			isa = XCSwiftPackageProductDependency;
			package = C45ADCB12FDF35D100EBE75F /* XCLocalSwiftPackageReference "Packages/Networking" */;
			productName = NetworkingTestSupport;
		};
/* End XCSwiftPackageProductDependency section */
	};
	rootObject = C45ADC8F2FDF30D100EBE75F /* Project object */;
}
